
Microsoft Visual Studio Solution File, Format Version 12.00
# Visual Studio Version 16
VisualStudioVersion = 16.0.31410.357
MinimumVisualStudioVersion = 10.0.40219.1
Project("{FAE04EC0-301F-11D3-BF4B-00C04F79EFBC}") = "ProjectElena", "ProjectElena.csproj", "{2F67500D-55D5-4000-A03C-DB8658B03638}"
EndProject
Global
	GlobalSection(SolutionConfigurationPlatforms) = preSolution
		Debug|Any CPU = Debug|Any CPU
		Release|Any CPU = Release|Any CPU
	EndGlobalSection
	GlobalSection(ProjectConfigurationPlatforms) = postSolution
		{2F67500D-55D5-4000-A03C-DB8658B03638}.Debug|Any CPU.ActiveCfg = Debug|Any CPU
		{2F67500D-55D5-4000-A03C-DB8658B03638}.Debug|Any CPU.Build.0 = Debug|Any CPU
		{2F67500D-55D5-4000-A03C-DB8658B03638}.Release|Any CPU.ActiveCfg = Release|Any CPU
		{2F67500D-55D5-4000-A03C-DB8658B03638}.Release|Any CPU.Build.0 = Release|Any CPU
	EndGlobalSection
	GlobalSection(SolutionProperties) = preSolution
		HideSolutionNode = FALSE
	EndGlobalSection
	GlobalSection(ExtensibilityGlobals) = postSolution
		SolutionGuid = {AF4892CF-5676-4493-8284-78084AAC027D}
	EndGlobalSection
EndGlobal
